
Microsoft Visual Studio Solution File, Format Version 12.00
# Visual Studio Version 17
VisualStudioVersion = 17.8.34330.188
MinimumVisualStudioVersion = 10.0.40219.1
Project("{FAE04EC0-301F-11D3-BF4B-00C04F79EFBC}") = "SemaphoreExample", "SemaphoreExample\SemaphoreExample.csproj", "{5F6EB4F5-F899-4022-ABDC-2B7B7F3DAB8E}"
EndProject
Project("{FAE04EC0-301F-11D3-BF4B-00C04F79EFBC}") = "MonitorExample", "MonitorExample\MonitorExample.csproj", "{DAEFB470-6292-41B6-800D-7CE7248FBFAC}"
EndProject
Project("{FAE04EC0-301F-11D3-BF4B-00C04F79EFBC}") = "LockExample", "LockExample\LockExample.csproj", "{8A1AACD7-5FC9-48F8-85A8-D8D10FA7280B}"
EndProject
Global
	GlobalSection(SolutionConfigurationPlatforms) = preSolution
		Debug|Any CPU = Debug|Any CPU
		Release|Any CPU = Release|Any CPU
	EndGlobalSection
	GlobalSection(ProjectConfigurationPlatforms) = postSolution
		{5F6EB4F5-F899-4022-ABDC-2B7B7F3DAB8E}.Debug|Any CPU.ActiveCfg = Debug|Any CPU
		{5F6EB4F5-F899-4022-ABDC-2B7B7F3DAB8E}.Debug|Any CPU.Build.0 = Debug|Any CPU
		{5F6EB4F5-F899-4022-ABDC-2B7B7F3DAB8E}.Release|Any CPU.ActiveCfg = Release|Any CPU
		{5F6EB4F5-F899-4022-ABDC-2B7B7F3DAB8E}.Release|Any CPU.Build.0 = Release|Any CPU
		{DAEFB470-6292-41B6-800D-7CE7248FBFAC}.Debug|Any CPU.ActiveCfg = Debug|Any CPU
		{DAEFB470-6292-41B6-800D-7CE7248FBFAC}.Debug|Any CPU.Build.0 = Debug|Any CPU
		{DAEFB470-6292-41B6-800D-7CE7248FBFAC}.Release|Any CPU.ActiveCfg = Release|Any CPU
		{DAEFB470-6292-41B6-800D-7CE7248FBFAC}.Release|Any CPU.Build.0 = Release|Any CPU
		{8A1AACD7-5FC9-48F8-85A8-D8D10FA7280B}.Debug|Any CPU.ActiveCfg = Debug|Any CPU
		{8A1AACD7-5FC9-48F8-85A8-D8D10FA7280B}.Debug|Any CPU.Build.0 = Debug|Any CPU
		{8A1AACD7-5FC9-48F8-85A8-D8D10FA7280B}.Release|Any CPU.ActiveCfg = Release|Any CPU
		{8A1AACD7-5FC9-48F8-85A8-D8D10FA7280B}.Release|Any CPU.Build.0 = Release|Any CPU
	EndGlobalSection
	GlobalSection(SolutionProperties) = preSolution
		HideSolutionNode = FALSE
	EndGlobalSection
	GlobalSection(ExtensibilityGlobals) = postSolution
		SolutionGuid = {C9195D33-1F0D-4CA6-988F-10EE6C3ECB07}
	EndGlobalSection
EndGlobal
