
Microsoft Visual Studio Solution File, Format Version 12.00
# Visual Studio Version 17
VisualStudioVersion = 17.8.34330.188
MinimumVisualStudioVersion = 10.0.40219.1
Project("{9A19103F-16F7-4668-BE54-9A1E7A4F7556}") = "Delegates", "AnonymousTypes\Delegates\Delegates.csproj", "{6DA3BE09-23BD-43AA-BFE1-3E957B8F0E37}"
EndProject
Project("{FAE04EC0-301F-11D3-BF4B-00C04F79EFBC}") = "AnonymousTypesExample", "AnonymousTypes\AnonymousTypesExample\AnonymousTypesExample.csproj", "{FA2DCC1B-ED8A-4E05-B320-FE174464582E}"
EndProject
Global
	GlobalSection(SolutionConfigurationPlatforms) = preSolution
		Debug|Any CPU = Debug|Any CPU
		Release|Any CPU = Release|Any CPU
	EndGlobalSection
	GlobalSection(ProjectConfigurationPlatforms) = postSolution
		{6DA3BE09-23BD-43AA-BFE1-3E957B8F0E37}.Debug|Any CPU.ActiveCfg = Debug|Any CPU
		{6DA3BE09-23BD-43AA-BFE1-3E957B8F0E37}.Debug|Any CPU.Build.0 = Debug|Any CPU
		{6DA3BE09-23BD-43AA-BFE1-3E957B8F0E37}.Release|Any CPU.ActiveCfg = Release|Any CPU
		{6DA3BE09-23BD-43AA-BFE1-3E957B8F0E37}.Release|Any CPU.Build.0 = Release|Any CPU
		{FA2DCC1B-ED8A-4E05-B320-FE174464582E}.Debug|Any CPU.ActiveCfg = Debug|Any CPU
		{FA2DCC1B-ED8A-4E05-B320-FE174464582E}.Debug|Any CPU.Build.0 = Debug|Any CPU
		{FA2DCC1B-ED8A-4E05-B320-FE174464582E}.Release|Any CPU.ActiveCfg = Release|Any CPU
		{FA2DCC1B-ED8A-4E05-B320-FE174464582E}.Release|Any CPU.Build.0 = Release|Any CPU
	EndGlobalSection
	GlobalSection(SolutionProperties) = preSolution
		HideSolutionNode = FALSE
	EndGlobalSection
	GlobalSection(ExtensibilityGlobals) = postSolution
		SolutionGuid = {B19E4F2D-A545-4566-9E35-591F9184C6A7}
	EndGlobalSection
EndGlobal
