
Microsoft Visual Studio Solution File, Format Version 12.00
# Visual Studio Version 17
VisualStudioVersion = 17.8.34330.188
MinimumVisualStudioVersion = 10.0.40219.1
Project("{9A19103F-16F7-4668-BE54-9A1E7A4F7556}") = "Core", "ConcurrentCollections\Core\Core.csproj", "{5740AD11-9CD6-48E9-A8F7-6710706B92E8}"
EndProject
Project("{9A19103F-16F7-4668-BE54-9A1E7A4F7556}") = "BlockingCollectionExample", "ConcurrentCollections\BlockingCollectionExample\BlockingCollectionExample.csproj", "{EEA13066-F406-40B1-8B5A-C85EAEAE9E17}"
EndProject
Project("{9A19103F-16F7-4668-BE54-9A1E7A4F7556}") = "ConcurrentBagExample", "ConcurrentCollections\ConcurrentBagExample\ConcurrentBagExample.csproj", "{1E0D7048-3F5E-4E8A-98EA-5FB66CA494E6}"
EndProject
Project("{9A19103F-16F7-4668-BE54-9A1E7A4F7556}") = "ConcurrentDictionaryExample", "ConcurrentCollections\ConcurrentDictionaryExample\ConcurrentDictionaryExample.csproj", "{AB644697-44FB-4FE1-8A07-A3AF474B7C81}"
EndProject
Project("{9A19103F-16F7-4668-BE54-9A1E7A4F7556}") = "ConcurrentQueueExample", "ConcurrentCollections\ConcurrentQueueExample\ConcurrentQueueExample.csproj", "{0EBC793A-0143-4846-848B-A8505C50E19F}"
EndProject
Global
	GlobalSection(SolutionConfigurationPlatforms) = preSolution
		Debug|Any CPU = Debug|Any CPU
		Release|Any CPU = Release|Any CPU
	EndGlobalSection
	GlobalSection(ProjectConfigurationPlatforms) = postSolution
		{5740AD11-9CD6-48E9-A8F7-6710706B92E8}.Debug|Any CPU.ActiveCfg = Debug|Any CPU
		{5740AD11-9CD6-48E9-A8F7-6710706B92E8}.Debug|Any CPU.Build.0 = Debug|Any CPU
		{5740AD11-9CD6-48E9-A8F7-6710706B92E8}.Release|Any CPU.ActiveCfg = Release|Any CPU
		{5740AD11-9CD6-48E9-A8F7-6710706B92E8}.Release|Any CPU.Build.0 = Release|Any CPU
		{EEA13066-F406-40B1-8B5A-C85EAEAE9E17}.Debug|Any CPU.ActiveCfg = Debug|Any CPU
		{EEA13066-F406-40B1-8B5A-C85EAEAE9E17}.Debug|Any CPU.Build.0 = Debug|Any CPU
		{EEA13066-F406-40B1-8B5A-C85EAEAE9E17}.Release|Any CPU.ActiveCfg = Release|Any CPU
		{EEA13066-F406-40B1-8B5A-C85EAEAE9E17}.Release|Any CPU.Build.0 = Release|Any CPU
		{1E0D7048-3F5E-4E8A-98EA-5FB66CA494E6}.Debug|Any CPU.ActiveCfg = Debug|Any CPU
		{1E0D7048-3F5E-4E8A-98EA-5FB66CA494E6}.Debug|Any CPU.Build.0 = Debug|Any CPU
		{1E0D7048-3F5E-4E8A-98EA-5FB66CA494E6}.Release|Any CPU.ActiveCfg = Release|Any CPU
		{1E0D7048-3F5E-4E8A-98EA-5FB66CA494E6}.Release|Any CPU.Build.0 = Release|Any CPU
		{AB644697-44FB-4FE1-8A07-A3AF474B7C81}.Debug|Any CPU.ActiveCfg = Debug|Any CPU
		{AB644697-44FB-4FE1-8A07-A3AF474B7C81}.Debug|Any CPU.Build.0 = Debug|Any CPU
		{AB644697-44FB-4FE1-8A07-A3AF474B7C81}.Release|Any CPU.ActiveCfg = Release|Any CPU
		{AB644697-44FB-4FE1-8A07-A3AF474B7C81}.Release|Any CPU.Build.0 = Release|Any CPU
		{0EBC793A-0143-4846-848B-A8505C50E19F}.Debug|Any CPU.ActiveCfg = Debug|Any CPU
		{0EBC793A-0143-4846-848B-A8505C50E19F}.Debug|Any CPU.Build.0 = Debug|Any CPU
		{0EBC793A-0143-4846-848B-A8505C50E19F}.Release|Any CPU.ActiveCfg = Release|Any CPU
		{0EBC793A-0143-4846-848B-A8505C50E19F}.Release|Any CPU.Build.0 = Release|Any CPU
	EndGlobalSection
	GlobalSection(SolutionProperties) = preSolution
		HideSolutionNode = FALSE
	EndGlobalSection
	GlobalSection(ExtensibilityGlobals) = postSolution
		SolutionGuid = {F0E385E7-B3A3-4517-B927-B076071A8E67}
	EndGlobalSection
EndGlobal
