
Microsoft Visual Studio Solution File, Format Version 12.00
# Visual Studio Version 17
VisualStudioVersion = 17.8.34330.188
MinimumVisualStudioVersion = 10.0.40219.1
Project("{9A19103F-16F7-4668-BE54-9A1E7A4F7556}") = "ReflectionExample", "Reflection\ReflectionExample\ReflectionExample.csproj", "{5B44E5EE-F21A-4B46-A815-DE049A450CB1}"
EndProject
Project("{9A19103F-16F7-4668-BE54-9A1E7A4F7556}") = "PluginClass", "Reflection\PluginClass\PluginClass.csproj", "{38A5F3E9-D13D-498F-9686-26F6F3D0F856}"
EndProject
Project("{FAE04EC0-301F-11D3-BF4B-00C04F79EFBC}") = "AttributeBasedProgramming", "Reflection\AttributeBasedProgramming\AttributeBasedProgramming.csproj", "{7A642984-133E-4E01-81F1-E85A1A6E5001}"
EndProject
Global
	GlobalSection(SolutionConfigurationPlatforms) = preSolution
		Debug|Any CPU = Debug|Any CPU
		Release|Any CPU = Release|Any CPU
	EndGlobalSection
	GlobalSection(ProjectConfigurationPlatforms) = postSolution
		{5B44E5EE-F21A-4B46-A815-DE049A450CB1}.Debug|Any CPU.ActiveCfg = Debug|Any CPU
		{5B44E5EE-F21A-4B46-A815-DE049A450CB1}.Debug|Any CPU.Build.0 = Debug|Any CPU
		{5B44E5EE-F21A-4B46-A815-DE049A450CB1}.Release|Any CPU.ActiveCfg = Release|Any CPU
		{5B44E5EE-F21A-4B46-A815-DE049A450CB1}.Release|Any CPU.Build.0 = Release|Any CPU
		{38A5F3E9-D13D-498F-9686-26F6F3D0F856}.Debug|Any CPU.ActiveCfg = Debug|Any CPU
		{38A5F3E9-D13D-498F-9686-26F6F3D0F856}.Debug|Any CPU.Build.0 = Debug|Any CPU
		{38A5F3E9-D13D-498F-9686-26F6F3D0F856}.Release|Any CPU.ActiveCfg = Release|Any CPU
		{38A5F3E9-D13D-498F-9686-26F6F3D0F856}.Release|Any CPU.Build.0 = Release|Any CPU
		{7A642984-133E-4E01-81F1-E85A1A6E5001}.Debug|Any CPU.ActiveCfg = Debug|Any CPU
		{7A642984-133E-4E01-81F1-E85A1A6E5001}.Debug|Any CPU.Build.0 = Debug|Any CPU
		{7A642984-133E-4E01-81F1-E85A1A6E5001}.Release|Any CPU.ActiveCfg = Release|Any CPU
		{7A642984-133E-4E01-81F1-E85A1A6E5001}.Release|Any CPU.Build.0 = Release|Any CPU
	EndGlobalSection
	GlobalSection(SolutionProperties) = preSolution
		HideSolutionNode = FALSE
	EndGlobalSection
	GlobalSection(ExtensibilityGlobals) = postSolution
		SolutionGuid = {90983CD9-1E6E-40C0-8B3C-E7ED84FC2507}
	EndGlobalSection
EndGlobal
