
Microsoft Visual Studio Solution File, Format Version 12.00
# Visual Studio Version 17
VisualStudioVersion = 17.8.34330.188
MinimumVisualStudioVersion = 10.0.40219.1
Project("{9A19103F-16F7-4668-BE54-9A1E7A4F7556}") = "LockExample", "ThreadSynchronization\LockExample\LockExample.csproj", "{CBD5F38D-2240-46B2-9C00-E260A622546F}"
EndProject
Project("{9A19103F-16F7-4668-BE54-9A1E7A4F7556}") = "MonitorExample", "ThreadSynchronization\MonitorExample\MonitorExample.csproj", "{202DA559-5AB2-4E80-ABD5-3B866E59B264}"
EndProject
Project("{9A19103F-16F7-4668-BE54-9A1E7A4F7556}") = "SemaphoreExample", "ThreadSynchronization\SemaphoreExample\SemaphoreExample.csproj", "{0FE4497E-F6A7-4776-B6FE-6836F397A9DD}"
EndProject
Global
	GlobalSection(SolutionConfigurationPlatforms) = preSolution
		Debug|Any CPU = Debug|Any CPU
		Release|Any CPU = Release|Any CPU
	EndGlobalSection
	GlobalSection(ProjectConfigurationPlatforms) = postSolution
		{CBD5F38D-2240-46B2-9C00-E260A622546F}.Debug|Any CPU.ActiveCfg = Debug|Any CPU
		{CBD5F38D-2240-46B2-9C00-E260A622546F}.Debug|Any CPU.Build.0 = Debug|Any CPU
		{CBD5F38D-2240-46B2-9C00-E260A622546F}.Release|Any CPU.ActiveCfg = Release|Any CPU
		{CBD5F38D-2240-46B2-9C00-E260A622546F}.Release|Any CPU.Build.0 = Release|Any CPU
		{202DA559-5AB2-4E80-ABD5-3B866E59B264}.Debug|Any CPU.ActiveCfg = Debug|Any CPU
		{202DA559-5AB2-4E80-ABD5-3B866E59B264}.Debug|Any CPU.Build.0 = Debug|Any CPU
		{202DA559-5AB2-4E80-ABD5-3B866E59B264}.Release|Any CPU.ActiveCfg = Release|Any CPU
		{202DA559-5AB2-4E80-ABD5-3B866E59B264}.Release|Any CPU.Build.0 = Release|Any CPU
		{0FE4497E-F6A7-4776-B6FE-6836F397A9DD}.Debug|Any CPU.ActiveCfg = Debug|Any CPU
		{0FE4497E-F6A7-4776-B6FE-6836F397A9DD}.Debug|Any CPU.Build.0 = Debug|Any CPU
		{0FE4497E-F6A7-4776-B6FE-6836F397A9DD}.Release|Any CPU.ActiveCfg = Release|Any CPU
		{0FE4497E-F6A7-4776-B6FE-6836F397A9DD}.Release|Any CPU.Build.0 = Release|Any CPU
	EndGlobalSection
	GlobalSection(SolutionProperties) = preSolution
		HideSolutionNode = FALSE
	EndGlobalSection
	GlobalSection(ExtensibilityGlobals) = postSolution
		SolutionGuid = {C9195D33-1F0D-4CA6-988F-10EE6C3ECB07}
	EndGlobalSection
EndGlobal
